
Microsoft Visual Studio Solution File, Format Version 12.00
# Visual Studio Version 16
VisualStudioVersion = 16.0.29009.5
MinimumVisualStudioVersion = 10.0.40219.1
Project("{FAE04EC0-301F-11D3-BF4B-00C04F79EFBC}") = "BTnhom", "BTnhom\BTnhom.csproj", "{8D11621F-E00C-4189-86D1-AAE7054980EF}"
EndProject
Global
	GlobalSection(SolutionConfigurationPlatforms) = preSolution
		Debug|Any CPU = Debug|Any CPU
		Release|Any CPU = Release|Any CPU
	EndGlobalSection
	GlobalSection(ProjectConfigurationPlatforms) = postSolution
		{8D11621F-E00C-4189-86D1-AAE7054980EF}.Debug|Any CPU.ActiveCfg = Debug|Any CPU
		{8D11621F-E00C-4189-86D1-AAE7054980EF}.Debug|Any CPU.Build.0 = Debug|Any CPU
		{8D11621F-E00C-4189-86D1-AAE7054980EF}.Release|Any CPU.ActiveCfg = Release|Any CPU
		{8D11621F-E00C-4189-86D1-AAE7054980EF}.Release|Any CPU.Build.0 = Release|Any CPU
	EndGlobalSection
	GlobalSection(SolutionProperties) = preSolution
		HideSolutionNode = FALSE
	EndGlobalSection
	GlobalSection(ExtensibilityGlobals) = postSolution
		SolutionGuid = {C581DB5A-631A-4C23-85FE-F8302B02F2C1}
	EndGlobalSection
EndGlobal
